
Microsoft Visual Studio Solution File, Format Version 12.00
# Visual Studio Version 17
VisualStudioVersion = 17.7.34003.232
MinimumVisualStudioVersion = 10.0.40219.1
Project("{E24C65DC-7377-472B-9ABA-BC803B73C61A}") = "ClaseProgramacion", ".", "{432DB7D1-4274-4619-B84A-D4EA4F13C30D}"
	ProjectSection(WebsiteProperties) = preProject
		TargetFrameworkMoniker = ".NETFramework,Version%3Dv4.7.2"
		Debug.AspNetCompiler.VirtualPath = "/localhost_51708"
		Debug.AspNetCompiler.PhysicalPath = "..\ClaseProgramacion\"
		Debug.AspNetCompiler.TargetPath = "PrecompiledWeb\localhost_51708\"
		Debug.AspNetCompiler.Updateable = "true"
		Debug.AspNetCompiler.ForceOverwrite = "true"
		Debug.AspNetCompiler.FixedNames = "false"
		Debug.AspNetCompiler.Debug = "True"
		Release.AspNetCompiler.VirtualPath = "/localhost_51708"
		Release.AspNetCompiler.PhysicalPath = "..\ClaseProgramacion\"
		Release.AspNetCompiler.TargetPath = "PrecompiledWeb\localhost_51708\"
		Release.AspNetCompiler.Updateable = "true"
		Release.AspNetCompiler.ForceOverwrite = "true"
		Release.AspNetCompiler.FixedNames = "false"
		Release.AspNetCompiler.Debug = "False"
		VWDPort = "51708"
		SlnRelativePath = "..\ClaseProgramacion\"
		DefaultWebSiteLanguage = "Visual C#"
	EndProjectSection
EndProject
Global
	GlobalSection(SolutionConfigurationPlatforms) = preSolution
		Debug|Any CPU = Debug|Any CPU
	EndGlobalSection
	GlobalSection(ProjectConfigurationPlatforms) = postSolution
		{432DB7D1-4274-4619-B84A-D4EA4F13C30D}.Debug|Any CPU.ActiveCfg = Debug|Any CPU
		{432DB7D1-4274-4619-B84A-D4EA4F13C30D}.Debug|Any CPU.Build.0 = Debug|Any CPU
	EndGlobalSection
	GlobalSection(SolutionProperties) = preSolution
		HideSolutionNode = FALSE
	EndGlobalSection
	GlobalSection(ExtensibilityGlobals) = postSolution
		SolutionGuid = {5773D02C-F082-47CC-A756-A2A883C7C2ED}
	EndGlobalSection
EndGlobal
